
Microsoft Visual Studio Solution File, Format Version 12.00
# Visual Studio Version 16
VisualStudioVersion = 16.0.32901.82
MinimumVisualStudioVersion = 10.0.40219.1
Project("{FAE04EC0-301F-11D3-BF4B-00C04F79EFBC}") = "task 1", "task 1\task 1.csproj", "{9A39F339-44B8-4681-AD67-5AE3D605D374}"
EndProject
Global
	GlobalSection(SolutionConfigurationPlatforms) = preSolution
		Debug|Any CPU = Debug|Any CPU
		Release|Any CPU = Release|Any CPU
	EndGlobalSection
	GlobalSection(ProjectConfigurationPlatforms) = postSolution
		{9A39F339-44B8-4681-AD67-5AE3D605D374}.Debug|Any CPU.ActiveCfg = Debug|Any CPU
		{9A39F339-44B8-4681-AD67-5AE3D605D374}.Debug|Any CPU.Build.0 = Debug|Any CPU
		{9A39F339-44B8-4681-AD67-5AE3D605D374}.Release|Any CPU.ActiveCfg = Release|Any CPU
		{9A39F339-44B8-4681-AD67-5AE3D605D374}.Release|Any CPU.Build.0 = Release|Any CPU
	EndGlobalSection
	GlobalSection(SolutionProperties) = preSolution
		HideSolutionNode = FALSE
	EndGlobalSection
	GlobalSection(ExtensibilityGlobals) = postSolution
		SolutionGuid = {AFC8A4D2-5128-4330-BD3C-8B05E7E2E56F}
	EndGlobalSection
EndGlobal
